
Microsoft Visual Studio Solution File, Format Version 12.00
# Visual Studio Version 17
VisualStudioVersion = 17.4.33205.214
MinimumVisualStudioVersion = 10.0.40219.1
Project("{FAE04EC0-301F-11D3-BF4B-00C04F79EFBC}") = "MSTestProblems", "MSTestProblems\MSTestProblems.csproj", "{2F1422FA-8CC8-447B-9089-09A00DE6CB7A}"
EndProject
Project("{FAE04EC0-301F-11D3-BF4B-00C04F79EFBC}") = "MSTestProject", "MSTestProject\MSTestProject.csproj", "{90CA9566-340C-4207-8388-9226B2ECCC81}"
EndProject
Project("{FAE04EC0-301F-11D3-BF4B-00C04F79EFBC}") = "MoodAnalyserTestProject", "MoodAnalyserTestProject\MoodAnalyserTestProject.csproj", "{5E866811-C3E8-4153-9607-65EDCEFAA076}"
EndProject
Global
	GlobalSection(SolutionConfigurationPlatforms) = preSolution
		Debug|Any CPU = Debug|Any CPU
		Release|Any CPU = Release|Any CPU
	EndGlobalSection
	GlobalSection(ProjectConfigurationPlatforms) = postSolution
		{2F1422FA-8CC8-447B-9089-09A00DE6CB7A}.Debug|Any CPU.ActiveCfg = Debug|Any CPU
		{2F1422FA-8CC8-447B-9089-09A00DE6CB7A}.Debug|Any CPU.Build.0 = Debug|Any CPU
		{2F1422FA-8CC8-447B-9089-09A00DE6CB7A}.Release|Any CPU.ActiveCfg = Release|Any CPU
		{2F1422FA-8CC8-447B-9089-09A00DE6CB7A}.Release|Any CPU.Build.0 = Release|Any CPU
		{90CA9566-340C-4207-8388-9226B2ECCC81}.Debug|Any CPU.ActiveCfg = Debug|Any CPU
		{90CA9566-340C-4207-8388-9226B2ECCC81}.Debug|Any CPU.Build.0 = Debug|Any CPU
		{90CA9566-340C-4207-8388-9226B2ECCC81}.Release|Any CPU.ActiveCfg = Release|Any CPU
		{90CA9566-340C-4207-8388-9226B2ECCC81}.Release|Any CPU.Build.0 = Release|Any CPU
		{5E866811-C3E8-4153-9607-65EDCEFAA076}.Debug|Any CPU.ActiveCfg = Debug|Any CPU
		{5E866811-C3E8-4153-9607-65EDCEFAA076}.Debug|Any CPU.Build.0 = Debug|Any CPU
		{5E866811-C3E8-4153-9607-65EDCEFAA076}.Release|Any CPU.ActiveCfg = Release|Any CPU
		{5E866811-C3E8-4153-9607-65EDCEFAA076}.Release|Any CPU.Build.0 = Release|Any CPU
	EndGlobalSection
	GlobalSection(SolutionProperties) = preSolution
		HideSolutionNode = FALSE
	EndGlobalSection
	GlobalSection(ExtensibilityGlobals) = postSolution
		SolutionGuid = {EA192A60-6648-491F-91AB-D481FA5BBD80}
	EndGlobalSection
EndGlobal
